
Microsoft Visual Studio Solution File, Format Version 12.00
# Visual Studio 15
VisualStudioVersion = 15.0.27004.2002
MinimumVisualStudioVersion = 10.0.40219.1
Project("{FAE04EC0-301F-11D3-BF4B-00C04F79EFBC}") = "Practica_8.Android", "Practica_8\Practica_8.Android\Practica_8.Android.csproj", "{6455F5B5-982E-4C84-A372-68394CE8D417}"
EndProject
Project("{FAE04EC0-301F-11D3-BF4B-00C04F79EFBC}") = "Practica_8", "Practica_8\Practica_8\Practica_8.csproj", "{B1AB837B-A909-4319-A279-FA32A06FBD20}"
EndProject
Project("{FAE04EC0-301F-11D3-BF4B-00C04F79EFBC}") = "Practica_8.UWP", "Practica_8\Practica_8.UWP\Practica_8.UWP.csproj", "{1714019C-DC10-42C4-A865-8DAB1DAE98A9}"
EndProject
Project("{FAE04EC0-301F-11D3-BF4B-00C04F79EFBC}") = "Practica_8.iOS", "Practica_8\Practica_8.iOS\Practica_8.iOS.csproj", "{9027578A-87BF-4E54-B05F-106015471E9A}"
EndProject
Global
	GlobalSection(SolutionConfigurationPlatforms) = preSolution
		Ad-Hoc|Any CPU = Ad-Hoc|Any CPU
		Ad-Hoc|ARM = Ad-Hoc|ARM
		Ad-Hoc|iPhone = Ad-Hoc|iPhone
		Ad-Hoc|iPhoneSimulator = Ad-Hoc|iPhoneSimulator
		Ad-Hoc|x64 = Ad-Hoc|x64
		Ad-Hoc|x86 = Ad-Hoc|x86
		AppStore|Any CPU = AppStore|Any CPU
		AppStore|ARM = AppStore|ARM
		AppStore|iPhone = AppStore|iPhone
		AppStore|iPhoneSimulator = AppStore|iPhoneSimulator
		AppStore|x64 = AppStore|x64
		AppStore|x86 = AppStore|x86
		Debug|Any CPU = Debug|Any CPU
		Debug|ARM = Debug|ARM
		Debug|iPhone = Debug|iPhone
		Debug|iPhoneSimulator = Debug|iPhoneSimulator
		Debug|x64 = Debug|x64
		Debug|x86 = Debug|x86
		Release|Any CPU = Release|Any CPU
		Release|ARM = Release|ARM
		Release|iPhone = Release|iPhone
		Release|iPhoneSimulator = Release|iPhoneSimulator
		Release|x64 = Release|x64
		Release|x86 = Release|x86
	EndGlobalSection
	GlobalSection(ProjectConfigurationPlatforms) = postSolution
		{6455F5B5-982E-4C84-A372-68394CE8D417}.Ad-Hoc|Any CPU.ActiveCfg = Release|Any CPU
		{6455F5B5-982E-4C84-A372-68394CE8D417}.Ad-Hoc|Any CPU.Build.0 = Release|Any CPU
		{6455F5B5-982E-4C84-A372-68394CE8D417}.Ad-Hoc|Any CPU.Deploy.0 = Release|Any CPU
		{6455F5B5-982E-4C84-A372-68394CE8D417}.Ad-Hoc|ARM.ActiveCfg = Release|Any CPU
		{6455F5B5-982E-4C84-A372-68394CE8D417}.Ad-Hoc|ARM.Build.0 = Release|Any CPU
		{6455F5B5-982E-4C84-A372-68394CE8D417}.Ad-Hoc|ARM.Deploy.0 = Release|Any CPU
		{6455F5B5-982E-4C84-A372-68394CE8D417}.Ad-Hoc|iPhone.ActiveCfg = Release|Any CPU
		{6455F5B5-982E-4C84-A372-68394CE8D417}.Ad-Hoc|iPhone.Build.0 = Release|Any CPU
		{6455F5B5-982E-4C84-A372-68394CE8D417}.Ad-Hoc|iPhone.Deploy.0 = Release|Any CPU
		{6455F5B5-982E-4C84-A372-68394CE8D417}.Ad-Hoc|iPhoneSimulator.ActiveCfg = Release|Any CPU
		{6455F5B5-982E-4C84-A372-68394CE8D417}.Ad-Hoc|iPhoneSimulator.Build.0 = Release|Any CPU
		{6455F5B5-982E-4C84-A372-68394CE8D417}.Ad-Hoc|iPhoneSimulator.Deploy.0 = Release|Any CPU
		{6455F5B5-982E-4C84-A372-68394CE8D417}.Ad-Hoc|x64.ActiveCfg = Release|Any CPU
		{6455F5B5-982E-4C84-A372-68394CE8D417}.Ad-Hoc|x64.Build.0 = Release|Any CPU
		{6455F5B5-982E-4C84-A372-68394CE8D417}.Ad-Hoc|x64.Deploy.0 = Release|Any CPU
		{6455F5B5-982E-4C84-A372-68394CE8D417}.Ad-Hoc|x86.ActiveCfg = Release|Any CPU
		{6455F5B5-982E-4C84-A372-68394CE8D417}.Ad-Hoc|x86.Build.0 = Release|Any CPU
		{6455F5B5-982E-4C84-A372-68394CE8D417}.Ad-Hoc|x86.Deploy.0 = Release|Any CPU
		{6455F5B5-982E-4C84-A372-68394CE8D417}.AppStore|Any CPU.ActiveCfg = Release|Any CPU
		{6455F5B5-982E-4C84-A372-68394CE8D417}.AppStore|Any CPU.Build.0 = Release|Any CPU
		{6455F5B5-982E-4C84-A372-68394CE8D417}.AppStore|Any CPU.Deploy.0 = Release|Any CPU
		{6455F5B5-982E-4C84-A372-68394CE8D417}.AppStore|ARM.ActiveCfg = Release|Any CPU
		{6455F5B5-982E-4C84-A372-68394CE8D417}.AppStore|ARM.Build.0 = Release|Any CPU
		{6455F5B5-982E-4C84-A372-68394CE8D417}.AppStore|ARM.Deploy.0 = Release|Any CPU
		{6455F5B5-982E-4C84-A372-68394CE8D417}.AppStore|iPhone.ActiveCfg = Release|Any CPU
		{6455F5B5-982E-4C84-A372-68394CE8D417}.AppStore|iPhone.Build.0 = Release|Any CPU
		{6455F5B5-982E-4C84-A372-68394CE8D417}.AppStore|iPhone.Deploy.0 = Release|Any CPU
		{6455F5B5-982E-4C84-A372-68394CE8D417}.AppStore|iPhoneSimulator.ActiveCfg = Release|Any CPU
		{6455F5B5-982E-4C84-A372-68394CE8D417}.AppStore|iPhoneSimulator.Build.0 = Release|Any CPU
		{6455F5B5-982E-4C84-A372-68394CE8D417}.AppStore|iPhoneSimulator.Deploy.0 = Release|Any CPU
		{6455F5B5-982E-4C84-A372-68394CE8D417}.AppStore|x64.ActiveCfg = Release|Any CPU
		{6455F5B5-982E-4C84-A372-68394CE8D417}.AppStore|x64.Build.0 = Release|Any CPU
		{6455F5B5-982E-4C84-A372-68394CE8D417}.AppStore|x64.Deploy.0 = Release|Any CPU
		{6455F5B5-982E-4C84-A372-68394CE8D417}.AppStore|x86.ActiveCfg = Release|Any CPU
		{6455F5B5-982E-4C84-A372-68394CE8D417}.AppStore|x86.Build.0 = Release|Any CPU
		{6455F5B5-982E-4C84-A372-68394CE8D417}.AppStore|x86.Deploy.0 = Release|Any CPU
		{6455F5B5-982E-4C84-A372-68394CE8D417}.Debug|Any CPU.ActiveCfg = Debug|Any CPU
		{6455F5B5-982E-4C84-A372-68394CE8D417}.Debug|Any CPU.Build.0 = Debug|Any CPU
		{6455F5B5-982E-4C84-A372-68394CE8D417}.Debug|Any CPU.Deploy.0 = Debug|Any CPU
		{6455F5B5-982E-4C84-A372-68394CE8D417}.Debug|ARM.ActiveCfg = Debug|Any CPU
		{6455F5B5-982E-4C84-A372-68394CE8D417}.Debug|ARM.Build.0 = Debug|Any CPU
		{6455F5B5-982E-4C84-A372-68394CE8D417}.Debug|ARM.Deploy.0 = Debug|Any CPU
		{6455F5B5-982E-4C84-A372-68394CE8D417}.Debug|iPhone.ActiveCfg = Debug|Any CPU
		{6455F5B5-982E-4C84-A372-68394CE8D417}.Debug|iPhone.Build.0 = Debug|Any CPU
		{6455F5B5-982E-4C84-A372-68394CE8D417}.Debug|iPhone.Deploy.0 = Debug|Any CPU
		{6455F5B5-982E-4C84-A372-68394CE8D417}.Debug|iPhoneSimulator.ActiveCfg = Debug|Any CPU
		{6455F5B5-982E-4C84-A372-68394CE8D417}.Debug|iPhoneSimulator.Build.0 = Debug|Any CPU
		{6455F5B5-982E-4C84-A372-68394CE8D417}.Debug|iPhoneSimulator.Deploy.0 = Debug|Any CPU
		{6455F5B5-982E-4C84-A372-68394CE8D417}.Debug|x64.ActiveCfg = Debug|Any CPU
		{6455F5B5-982E-4C84-A372-68394CE8D417}.Debug|x64.Build.0 = Debug|Any CPU
		{6455F5B5-982E-4C84-A372-68394CE8D417}.Debug|x64.Deploy.0 = Debug|Any CPU
		{6455F5B5-982E-4C84-A372-68394CE8D417}.Debug|x86.ActiveCfg = Debug|Any CPU
		{6455F5B5-982E-4C84-A372-68394CE8D417}.Debug|x86.Build.0 = Debug|Any CPU
		{6455F5B5-982E-4C84-A372-68394CE8D417}.Debug|x86.Deploy.0 = Debug|Any CPU
		{6455F5B5-982E-4C84-A372-68394CE8D417}.Release|Any CPU.ActiveCfg = Release|Any CPU
		{6455F5B5-982E-4C84-A372-68394CE8D417}.Release|Any CPU.Build.0 = Release|Any CPU
		{6455F5B5-982E-4C84-A372-68394CE8D417}.Release|Any CPU.Deploy.0 = Release|Any CPU
		{6455F5B5-982E-4C84-A372-68394CE8D417}.Release|ARM.ActiveCfg = Release|Any CPU
		{6455F5B5-982E-4C84-A372-68394CE8D417}.Release|ARM.Build.0 = Release|Any CPU
		{6455F5B5-982E-4C84-A372-68394CE8D417}.Release|ARM.Deploy.0 = Release|Any CPU
		{6455F5B5-982E-4C84-A372-68394CE8D417}.Release|iPhone.ActiveCfg = Release|Any CPU
		{6455F5B5-982E-4C84-A372-68394CE8D417}.Release|iPhone.Build.0 = Release|Any CPU
		{6455F5B5-982E-4C84-A372-68394CE8D417}.Release|iPhone.Deploy.0 = Release|Any CPU
		{6455F5B5-982E-4C84-A372-68394CE8D417}.Release|iPhoneSimulator.ActiveCfg = Release|Any CPU
		{6455F5B5-982E-4C84-A372-68394CE8D417}.Release|iPhoneSimulator.Build.0 = Release|Any CPU
		{6455F5B5-982E-4C84-A372-68394CE8D417}.Release|iPhoneSimulator.Deploy.0 = Release|Any CPU
		{6455F5B5-982E-4C84-A372-68394CE8D417}.Release|x64.ActiveCfg = Release|Any CPU
		{6455F5B5-982E-4C84-A372-68394CE8D417}.Release|x64.Build.0 = Release|Any CPU
		{6455F5B5-982E-4C84-A372-68394CE8D417}.Release|x64.Deploy.0 = Release|Any CPU
		{6455F5B5-982E-4C84-A372-68394CE8D417}.Release|x86.ActiveCfg = Release|Any CPU
		{6455F5B5-982E-4C84-A372-68394CE8D417}.Release|x86.Build.0 = Release|Any CPU
		{6455F5B5-982E-4C84-A372-68394CE8D417}.Release|x86.Deploy.0 = Release|Any CPU
		{B1AB837B-A909-4319-A279-FA32A06FBD20}.Ad-Hoc|Any CPU.ActiveCfg = Release|Any CPU
		{B1AB837B-A909-4319-A279-FA32A06FBD20}.Ad-Hoc|Any CPU.Build.0 = Release|Any CPU
		{B1AB837B-A909-4319-A279-FA32A06FBD20}.Ad-Hoc|ARM.ActiveCfg = Release|Any CPU
		{B1AB837B-A909-4319-A279-FA32A06FBD20}.Ad-Hoc|ARM.Build.0 = Release|Any CPU
		{B1AB837B-A909-4319-A279-FA32A06FBD20}.Ad-Hoc|iPhone.ActiveCfg = Release|Any CPU
		{B1AB837B-A909-4319-A279-FA32A06FBD20}.Ad-Hoc|iPhone.Build.0 = Release|Any CPU
		{B1AB837B-A909-4319-A279-FA32A06FBD20}.Ad-Hoc|iPhoneSimulator.ActiveCfg = Release|Any CPU
		{B1AB837B-A909-4319-A279-FA32A06FBD20}.Ad-Hoc|iPhoneSimulator.Build.0 = Release|Any CPU
		{B1AB837B-A909-4319-A279-FA32A06FBD20}.Ad-Hoc|x64.ActiveCfg = Release|Any CPU
		{B1AB837B-A909-4319-A279-FA32A06FBD20}.Ad-Hoc|x64.Build.0 = Release|Any CPU
		{B1AB837B-A909-4319-A279-FA32A06FBD20}.Ad-Hoc|x86.ActiveCfg = Release|Any CPU
		{B1AB837B-A909-4319-A279-FA32A06FBD20}.Ad-Hoc|x86.Build.0 = Release|Any CPU
		{B1AB837B-A909-4319-A279-FA32A06FBD20}.AppStore|Any CPU.ActiveCfg = Release|Any CPU
		{B1AB837B-A909-4319-A279-FA32A06FBD20}.AppStore|Any CPU.Build.0 = Release|Any CPU
		{B1AB837B-A909-4319-A279-FA32A06FBD20}.AppStore|ARM.ActiveCfg = Release|Any CPU
		{B1AB837B-A909-4319-A279-FA32A06FBD20}.AppStore|ARM.Build.0 = Release|Any CPU
		{B1AB837B-A909-4319-A279-FA32A06FBD20}.AppStore|iPhone.ActiveCfg = Release|Any CPU
		{B1AB837B-A909-4319-A279-FA32A06FBD20}.AppStore|iPhone.Build.0 = Release|Any CPU
		{B1AB837B-A909-4319-A279-FA32A06FBD20}.AppStore|iPhoneSimulator.ActiveCfg = Release|Any CPU
		{B1AB837B-A909-4319-A279-FA32A06FBD20}.AppStore|iPhoneSimulator.Build.0 = Release|Any CPU
		{B1AB837B-A909-4319-A279-FA32A06FBD20}.AppStore|x64.ActiveCfg = Release|Any CPU
		{B1AB837B-A909-4319-A279-FA32A06FBD20}.AppStore|x64.Build.0 = Release|Any CPU
		{B1AB837B-A909-4319-A279-FA32A06FBD20}.AppStore|x86.ActiveCfg = Release|Any CPU
		{B1AB837B-A909-4319-A279-FA32A06FBD20}.AppStore|x86.Build.0 = Release|Any CPU
		{B1AB837B-A909-4319-A279-FA32A06FBD20}.Debug|Any CPU.ActiveCfg = Debug|Any CPU
		{B1AB837B-A909-4319-A279-FA32A06FBD20}.Debug|Any CPU.Build.0 = Debug|Any CPU
		{B1AB837B-A909-4319-A279-FA32A06FBD20}.Debug|ARM.ActiveCfg = Debug|Any CPU
		{B1AB837B-A909-4319-A279-FA32A06FBD20}.Debug|ARM.Build.0 = Debug|Any CPU
		{B1AB837B-A909-4319-A279-FA32A06FBD20}.Debug|iPhone.ActiveCfg = Debug|Any CPU
		{B1AB837B-A909-4319-A279-FA32A06FBD20}.Debug|iPhone.Build.0 = Debug|Any CPU
		{B1AB837B-A909-4319-A279-FA32A06FBD20}.Debug|iPhoneSimulator.ActiveCfg = Debug|Any CPU
		{B1AB837B-A909-4319-A279-FA32A06FBD20}.Debug|iPhoneSimulator.Build.0 = Debug|Any CPU
		{B1AB837B-A909-4319-A279-FA32A06FBD20}.Debug|x64.ActiveCfg = Debug|Any CPU
		{B1AB837B-A909-4319-A279-FA32A06FBD20}.Debug|x64.Build.0 = Debug|Any CPU
		{B1AB837B-A909-4319-A279-FA32A06FBD20}.Debug|x86.ActiveCfg = Debug|Any CPU
		{B1AB837B-A909-4319-A279-FA32A06FBD20}.Debug|x86.Build.0 = Debug|Any CPU
		{B1AB837B-A909-4319-A279-FA32A06FBD20}.Release|Any CPU.ActiveCfg = Release|Any CPU
		{B1AB837B-A909-4319-A279-FA32A06FBD20}.Release|Any CPU.Build.0 = Release|Any CPU
		{B1AB837B-A909-4319-A279-FA32A06FBD20}.Release|ARM.ActiveCfg = Release|Any CPU
		{B1AB837B-A909-4319-A279-FA32A06FBD20}.Release|ARM.Build.0 = Release|Any CPU
		{B1AB837B-A909-4319-A279-FA32A06FBD20}.Release|iPhone.ActiveCfg = Release|Any CPU
		{B1AB837B-A909-4319-A279-FA32A06FBD20}.Release|iPhone.Build.0 = Release|Any CPU
		{B1AB837B-A909-4319-A279-FA32A06FBD20}.Release|iPhoneSimulator.ActiveCfg = Release|Any CPU
		{B1AB837B-A909-4319-A279-FA32A06FBD20}.Release|iPhoneSimulator.Build.0 = Release|Any CPU
		{B1AB837B-A909-4319-A279-FA32A06FBD20}.Release|x64.ActiveCfg = Release|Any CPU
		{B1AB837B-A909-4319-A279-FA32A06FBD20}.Release|x64.Build.0 = Release|Any CPU
		{B1AB837B-A909-4319-A279-FA32A06FBD20}.Release|x86.ActiveCfg = Release|Any CPU
		{B1AB837B-A909-4319-A279-FA32A06FBD20}.Release|x86.Build.0 = Release|Any CPU
		{1714019C-DC10-42C4-A865-8DAB1DAE98A9}.Ad-Hoc|Any CPU.ActiveCfg = Release|x86
		{1714019C-DC10-42C4-A865-8DAB1DAE98A9}.Ad-Hoc|Any CPU.Build.0 = Release|x86
		{1714019C-DC10-42C4-A865-8DAB1DAE98A9}.Ad-Hoc|Any CPU.Deploy.0 = Release|x86
		{1714019C-DC10-42C4-A865-8DAB1DAE98A9}.Ad-Hoc|ARM.ActiveCfg = Release|ARM
		{1714019C-DC10-42C4-A865-8DAB1DAE98A9}.Ad-Hoc|ARM.Build.0 = Release|ARM
		{1714019C-DC10-42C4-A865-8DAB1DAE98A9}.Ad-Hoc|ARM.Deploy.0 = Release|ARM
		{1714019C-DC10-42C4-A865-8DAB1DAE98A9}.Ad-Hoc|iPhone.ActiveCfg = Release|x86
		{1714019C-DC10-42C4-A865-8DAB1DAE98A9}.Ad-Hoc|iPhone.Build.0 = Release|x86
		{1714019C-DC10-42C4-A865-8DAB1DAE98A9}.Ad-Hoc|iPhone.Deploy.0 = Release|x86
		{1714019C-DC10-42C4-A865-8DAB1DAE98A9}.Ad-Hoc|iPhoneSimulator.ActiveCfg = Release|x86
		{1714019C-DC10-42C4-A865-8DAB1DAE98A9}.Ad-Hoc|iPhoneSimulator.Build.0 = Release|x86
		{1714019C-DC10-42C4-A865-8DAB1DAE98A9}.Ad-Hoc|iPhoneSimulator.Deploy.0 = Release|x86
		{1714019C-DC10-42C4-A865-8DAB1DAE98A9}.Ad-Hoc|x64.ActiveCfg = Release|x64
		{1714019C-DC10-42C4-A865-8DAB1DAE98A9}.Ad-Hoc|x64.Build.0 = Release|x64
		{1714019C-DC10-42C4-A865-8DAB1DAE98A9}.Ad-Hoc|x64.Deploy.0 = Release|x64
		{1714019C-DC10-42C4-A865-8DAB1DAE98A9}.Ad-Hoc|x86.ActiveCfg = Release|x86
		{1714019C-DC10-42C4-A865-8DAB1DAE98A9}.Ad-Hoc|x86.Build.0 = Release|x86
		{1714019C-DC10-42C4-A865-8DAB1DAE98A9}.Ad-Hoc|x86.Deploy.0 = Release|x86
		{1714019C-DC10-42C4-A865-8DAB1DAE98A9}.AppStore|Any CPU.ActiveCfg = Release|x86
		{1714019C-DC10-42C4-A865-8DAB1DAE98A9}.AppStore|Any CPU.Build.0 = Release|x86
		{1714019C-DC10-42C4-A865-8DAB1DAE98A9}.AppStore|Any CPU.Deploy.0 = Release|x86
		{1714019C-DC10-42C4-A865-8DAB1DAE98A9}.AppStore|ARM.ActiveCfg = Release|ARM
		{1714019C-DC10-42C4-A865-8DAB1DAE98A9}.AppStore|ARM.Build.0 = Release|ARM
		{1714019C-DC10-42C4-A865-8DAB1DAE98A9}.AppStore|ARM.Deploy.0 = Release|ARM
		{1714019C-DC10-42C4-A865-8DAB1DAE98A9}.AppStore|iPhone.ActiveCfg = Release|x86
		{1714019C-DC10-42C4-A865-8DAB1DAE98A9}.AppStore|iPhone.Build.0 = Release|x86
		{1714019C-DC10-42C4-A865-8DAB1DAE98A9}.AppStore|iPhone.Deploy.0 = Release|x86
		{1714019C-DC10-42C4-A865-8DAB1DAE98A9}.AppStore|iPhoneSimulator.ActiveCfg = Release|x86
		{1714019C-DC10-42C4-A865-8DAB1DAE98A9}.AppStore|iPhoneSimulator.Build.0 = Release|x86
		{1714019C-DC10-42C4-A865-8DAB1DAE98A9}.AppStore|iPhoneSimulator.Deploy.0 = Release|x86
		{1714019C-DC10-42C4-A865-8DAB1DAE98A9}.AppStore|x64.ActiveCfg = Release|x64
		{1714019C-DC10-42C4-A865-8DAB1DAE98A9}.AppStore|x64.Build.0 = Release|x64
		{1714019C-DC10-42C4-A865-8DAB1DAE98A9}.AppStore|x64.Deploy.0 = Release|x64
		{1714019C-DC10-42C4-A865-8DAB1DAE98A9}.AppStore|x86.ActiveCfg = Release|x86
		{1714019C-DC10-42C4-A865-8DAB1DAE98A9}.AppStore|x86.Build.0 = Release|x86
		{1714019C-DC10-42C4-A865-8DAB1DAE98A9}.AppStore|x86.Deploy.0 = Release|x86
		{1714019C-DC10-42C4-A865-8DAB1DAE98A9}.Debug|Any CPU.ActiveCfg = Debug|x86
		{1714019C-DC10-42C4-A865-8DAB1DAE98A9}.Debug|ARM.ActiveCfg = Debug|ARM
		{1714019C-DC10-42C4-A865-8DAB1DAE98A9}.Debug|ARM.Build.0 = Debug|ARM
		{1714019C-DC10-42C4-A865-8DAB1DAE98A9}.Debug|ARM.Deploy.0 = Debug|ARM
		{1714019C-DC10-42C4-A865-8DAB1DAE98A9}.Debug|iPhone.ActiveCfg = Debug|x86
		{1714019C-DC10-42C4-A865-8DAB1DAE98A9}.Debug|iPhoneSimulator.ActiveCfg = Debug|x86
		{1714019C-DC10-42C4-A865-8DAB1DAE98A9}.Debug|x64.ActiveCfg = Debug|x64
		{1714019C-DC10-42C4-A865-8DAB1DAE98A9}.Debug|x64.Build.0 = Debug|x64
		{1714019C-DC10-42C4-A865-8DAB1DAE98A9}.Debug|x64.Deploy.0 = Debug|x64
		{1714019C-DC10-42C4-A865-8DAB1DAE98A9}.Debug|x86.ActiveCfg = Debug|x86
		{1714019C-DC10-42C4-A865-8DAB1DAE98A9}.Debug|x86.Build.0 = Debug|x86
		{1714019C-DC10-42C4-A865-8DAB1DAE98A9}.Debug|x86.Deploy.0 = Debug|x86
		{1714019C-DC10-42C4-A865-8DAB1DAE98A9}.Release|Any CPU.ActiveCfg = Release|x86
		{1714019C-DC10-42C4-A865-8DAB1DAE98A9}.Release|ARM.ActiveCfg = Release|ARM
		{1714019C-DC10-42C4-A865-8DAB1DAE98A9}.Release|ARM.Build.0 = Release|ARM
		{1714019C-DC10-42C4-A865-8DAB1DAE98A9}.Release|ARM.Deploy.0 = Release|ARM
		{1714019C-DC10-42C4-A865-8DAB1DAE98A9}.Release|iPhone.ActiveCfg = Release|x86
		{1714019C-DC10-42C4-A865-8DAB1DAE98A9}.Release|iPhoneSimulator.ActiveCfg = Release|x86
		{1714019C-DC10-42C4-A865-8DAB1DAE98A9}.Release|x64.ActiveCfg = Release|x64
		{1714019C-DC10-42C4-A865-8DAB1DAE98A9}.Release|x64.Build.0 = Release|x64
		{1714019C-DC10-42C4-A865-8DAB1DAE98A9}.Release|x64.Deploy.0 = Release|x64
		{1714019C-DC10-42C4-A865-8DAB1DAE98A9}.Release|x86.ActiveCfg = Release|x86
		{1714019C-DC10-42C4-A865-8DAB1DAE98A9}.Release|x86.Build.0 = Release|x86
		{1714019C-DC10-42C4-A865-8DAB1DAE98A9}.Release|x86.Deploy.0 = Release|x86
		{9027578A-87BF-4E54-B05F-106015471E9A}.Ad-Hoc|Any CPU.ActiveCfg = Ad-Hoc|iPhoneSimulator
		{9027578A-87BF-4E54-B05F-106015471E9A}.Ad-Hoc|ARM.ActiveCfg = Ad-Hoc|iPhone
		{9027578A-87BF-4E54-B05F-106015471E9A}.Ad-Hoc|iPhone.ActiveCfg = Ad-Hoc|iPhone
		{9027578A-87BF-4E54-B05F-106015471E9A}.Ad-Hoc|iPhone.Build.0 = Ad-Hoc|iPhone
		{9027578A-87BF-4E54-B05F-106015471E9A}.Ad-Hoc|iPhoneSimulator.ActiveCfg = Ad-Hoc|iPhoneSimulator
		{9027578A-87BF-4E54-B05F-106015471E9A}.Ad-Hoc|iPhoneSimulator.Build.0 = Ad-Hoc|iPhoneSimulator
		{9027578A-87BF-4E54-B05F-106015471E9A}.Ad-Hoc|x64.ActiveCfg = Ad-Hoc|iPhone
		{9027578A-87BF-4E54-B05F-106015471E9A}.Ad-Hoc|x86.ActiveCfg = Ad-Hoc|iPhone
		{9027578A-87BF-4E54-B05F-106015471E9A}.AppStore|Any CPU.ActiveCfg = AppStore|iPhoneSimulator
		{9027578A-87BF-4E54-B05F-106015471E9A}.AppStore|ARM.ActiveCfg = AppStore|iPhone
		{9027578A-87BF-4E54-B05F-106015471E9A}.AppStore|iPhone.ActiveCfg = AppStore|iPhone
		{9027578A-87BF-4E54-B05F-106015471E9A}.AppStore|iPhone.Build.0 = AppStore|iPhone
		{9027578A-87BF-4E54-B05F-106015471E9A}.AppStore|iPhoneSimulator.ActiveCfg = AppStore|iPhoneSimulator
		{9027578A-87BF-4E54-B05F-106015471E9A}.AppStore|iPhoneSimulator.Build.0 = AppStore|iPhoneSimulator
		{9027578A-87BF-4E54-B05F-106015471E9A}.AppStore|x64.ActiveCfg = AppStore|iPhone
		{9027578A-87BF-4E54-B05F-106015471E9A}.AppStore|x86.ActiveCfg = AppStore|iPhone
		{9027578A-87BF-4E54-B05F-106015471E9A}.Debug|Any CPU.ActiveCfg = Debug|iPhoneSimulator
		{9027578A-87BF-4E54-B05F-106015471E9A}.Debug|ARM.ActiveCfg = Debug|iPhone
		{9027578A-87BF-4E54-B05F-106015471E9A}.Debug|iPhone.ActiveCfg = Debug|iPhone
		{9027578A-87BF-4E54-B05F-106015471E9A}.Debug|iPhone.Build.0 = Debug|iPhone
		{9027578A-87BF-4E54-B05F-106015471E9A}.Debug|iPhoneSimulator.ActiveCfg = Debug|iPhoneSimulator
		{9027578A-87BF-4E54-B05F-106015471E9A}.Debug|iPhoneSimulator.Build.0 = Debug|iPhoneSimulator
		{9027578A-87BF-4E54-B05F-106015471E9A}.Debug|x64.ActiveCfg = Debug|iPhone
		{9027578A-87BF-4E54-B05F-106015471E9A}.Debug|x86.ActiveCfg = Debug|iPhone
		{9027578A-87BF-4E54-B05F-106015471E9A}.Release|Any CPU.ActiveCfg = Release|iPhoneSimulator
		{9027578A-87BF-4E54-B05F-106015471E9A}.Release|ARM.ActiveCfg = Release|iPhone
		{9027578A-87BF-4E54-B05F-106015471E9A}.Release|iPhone.ActiveCfg = Release|iPhone
		{9027578A-87BF-4E54-B05F-106015471E9A}.Release|iPhone.Build.0 = Release|iPhone
		{9027578A-87BF-4E54-B05F-106015471E9A}.Release|iPhoneSimulator.ActiveCfg = Release|iPhoneSimulator
		{9027578A-87BF-4E54-B05F-106015471E9A}.Release|iPhoneSimulator.Build.0 = Release|iPhoneSimulator
		{9027578A-87BF-4E54-B05F-106015471E9A}.Release|x64.ActiveCfg = Release|iPhone
		{9027578A-87BF-4E54-B05F-106015471E9A}.Release|x86.ActiveCfg = Release|iPhone
	EndGlobalSection
	GlobalSection(SolutionProperties) = preSolution
		HideSolutionNode = FALSE
	EndGlobalSection
	GlobalSection(ExtensibilityGlobals) = postSolution
		SolutionGuid = {7030A70B-5AC8-4FE8-9FC3-E3C07845FB45}
	EndGlobalSection
EndGlobal
